
Microsoft Visual Studio Solution File, Format Version 12.00
# Visual Studio 15
VisualStudioVersion = 15.0.26124.0
MinimumVisualStudioVersion = 15.0.26124.0
Project("{F2A71F9B-5D33-465A-A702-920D77279786}") = "Hacn", "src\Hacn.fsproj", "{7B3DA682-12D2-43FA-BDE4-0B9B500C415A}"
EndProject
Project("{F2A71F9B-5D33-465A-A702-920D77279786}") = "Test", "tests\Test.fsproj", "{D99D296B-B26E-47B6-A878-ED58B635A85D}"
EndProject
Project("{2150E333-8FDC-42A3-9474-1A3956D46DE8}") = "website", "website", "{1F43C3C1-663F-45FA-BFEC-8633A21B8A2C}"
EndProject
Project("{F2A71F9B-5D33-465A-A702-920D77279786}") = "Examples", "website\examples\Examples.fsproj", "{62AC7919-A33D-4BD5-9249-BF4FB0CF0C01}"
EndProject
Project("{F2A71F9B-5D33-465A-A702-920D77279786}") = "Rewrite", "rewrite\Rewrite.fsproj", "{AF0AC5EE-A8C1-48F9-88C3-35D5475908F9}"
EndProject
Project("{F2A71F9B-5D33-465A-A702-920D77279786}") = "ElementExpressions", "element_expressions\ElementExpressions.fsproj", "{B49FF834-A3F9-423B-BDF0-6332BE6293B9}"
EndProject
Global
	GlobalSection(SolutionConfigurationPlatforms) = preSolution
		Debug|Any CPU = Debug|Any CPU
		Debug|x64 = Debug|x64
		Debug|x86 = Debug|x86
		Release|Any CPU = Release|Any CPU
		Release|x64 = Release|x64
		Release|x86 = Release|x86
	EndGlobalSection
	GlobalSection(SolutionProperties) = preSolution
		HideSolutionNode = FALSE
	EndGlobalSection
	GlobalSection(ProjectConfigurationPlatforms) = postSolution
		{7B3DA682-12D2-43FA-BDE4-0B9B500C415A}.Debug|Any CPU.ActiveCfg = Debug|Any CPU
		{7B3DA682-12D2-43FA-BDE4-0B9B500C415A}.Debug|Any CPU.Build.0 = Debug|Any CPU
		{7B3DA682-12D2-43FA-BDE4-0B9B500C415A}.Debug|x64.ActiveCfg = Debug|Any CPU
		{7B3DA682-12D2-43FA-BDE4-0B9B500C415A}.Debug|x64.Build.0 = Debug|Any CPU
		{7B3DA682-12D2-43FA-BDE4-0B9B500C415A}.Debug|x86.ActiveCfg = Debug|Any CPU
		{7B3DA682-12D2-43FA-BDE4-0B9B500C415A}.Debug|x86.Build.0 = Debug|Any CPU
		{7B3DA682-12D2-43FA-BDE4-0B9B500C415A}.Release|Any CPU.ActiveCfg = Release|Any CPU
		{7B3DA682-12D2-43FA-BDE4-0B9B500C415A}.Release|Any CPU.Build.0 = Release|Any CPU
		{7B3DA682-12D2-43FA-BDE4-0B9B500C415A}.Release|x64.ActiveCfg = Release|Any CPU
		{7B3DA682-12D2-43FA-BDE4-0B9B500C415A}.Release|x64.Build.0 = Release|Any CPU
		{7B3DA682-12D2-43FA-BDE4-0B9B500C415A}.Release|x86.ActiveCfg = Release|Any CPU
		{7B3DA682-12D2-43FA-BDE4-0B9B500C415A}.Release|x86.Build.0 = Release|Any CPU
		{D99D296B-B26E-47B6-A878-ED58B635A85D}.Debug|Any CPU.ActiveCfg = Debug|Any CPU
		{D99D296B-B26E-47B6-A878-ED58B635A85D}.Debug|Any CPU.Build.0 = Debug|Any CPU
		{D99D296B-B26E-47B6-A878-ED58B635A85D}.Debug|x64.ActiveCfg = Debug|Any CPU
		{D99D296B-B26E-47B6-A878-ED58B635A85D}.Debug|x64.Build.0 = Debug|Any CPU
		{D99D296B-B26E-47B6-A878-ED58B635A85D}.Debug|x86.ActiveCfg = Debug|Any CPU
		{D99D296B-B26E-47B6-A878-ED58B635A85D}.Debug|x86.Build.0 = Debug|Any CPU
		{D99D296B-B26E-47B6-A878-ED58B635A85D}.Release|Any CPU.ActiveCfg = Release|Any CPU
		{D99D296B-B26E-47B6-A878-ED58B635A85D}.Release|Any CPU.Build.0 = Release|Any CPU
		{D99D296B-B26E-47B6-A878-ED58B635A85D}.Release|x64.ActiveCfg = Release|Any CPU
		{D99D296B-B26E-47B6-A878-ED58B635A85D}.Release|x64.Build.0 = Release|Any CPU
		{D99D296B-B26E-47B6-A878-ED58B635A85D}.Release|x86.ActiveCfg = Release|Any CPU
		{D99D296B-B26E-47B6-A878-ED58B635A85D}.Release|x86.Build.0 = Release|Any CPU
		{62AC7919-A33D-4BD5-9249-BF4FB0CF0C01}.Debug|Any CPU.ActiveCfg = Debug|Any CPU
		{62AC7919-A33D-4BD5-9249-BF4FB0CF0C01}.Debug|Any CPU.Build.0 = Debug|Any CPU
		{62AC7919-A33D-4BD5-9249-BF4FB0CF0C01}.Debug|x64.ActiveCfg = Debug|Any CPU
		{62AC7919-A33D-4BD5-9249-BF4FB0CF0C01}.Debug|x64.Build.0 = Debug|Any CPU
		{62AC7919-A33D-4BD5-9249-BF4FB0CF0C01}.Debug|x86.ActiveCfg = Debug|Any CPU
		{62AC7919-A33D-4BD5-9249-BF4FB0CF0C01}.Debug|x86.Build.0 = Debug|Any CPU
		{62AC7919-A33D-4BD5-9249-BF4FB0CF0C01}.Release|Any CPU.ActiveCfg = Release|Any CPU
		{62AC7919-A33D-4BD5-9249-BF4FB0CF0C01}.Release|Any CPU.Build.0 = Release|Any CPU
		{62AC7919-A33D-4BD5-9249-BF4FB0CF0C01}.Release|x64.ActiveCfg = Release|Any CPU
		{62AC7919-A33D-4BD5-9249-BF4FB0CF0C01}.Release|x64.Build.0 = Release|Any CPU
		{62AC7919-A33D-4BD5-9249-BF4FB0CF0C01}.Release|x86.ActiveCfg = Release|Any CPU
		{62AC7919-A33D-4BD5-9249-BF4FB0CF0C01}.Release|x86.Build.0 = Release|Any CPU
		{AF0AC5EE-A8C1-48F9-88C3-35D5475908F9}.Debug|Any CPU.ActiveCfg = Debug|Any CPU
		{AF0AC5EE-A8C1-48F9-88C3-35D5475908F9}.Debug|Any CPU.Build.0 = Debug|Any CPU
		{AF0AC5EE-A8C1-48F9-88C3-35D5475908F9}.Debug|x64.ActiveCfg = Debug|Any CPU
		{AF0AC5EE-A8C1-48F9-88C3-35D5475908F9}.Debug|x64.Build.0 = Debug|Any CPU
		{AF0AC5EE-A8C1-48F9-88C3-35D5475908F9}.Debug|x86.ActiveCfg = Debug|Any CPU
		{AF0AC5EE-A8C1-48F9-88C3-35D5475908F9}.Debug|x86.Build.0 = Debug|Any CPU
		{AF0AC5EE-A8C1-48F9-88C3-35D5475908F9}.Release|Any CPU.ActiveCfg = Release|Any CPU
		{AF0AC5EE-A8C1-48F9-88C3-35D5475908F9}.Release|Any CPU.Build.0 = Release|Any CPU
		{AF0AC5EE-A8C1-48F9-88C3-35D5475908F9}.Release|x64.ActiveCfg = Release|Any CPU
		{AF0AC5EE-A8C1-48F9-88C3-35D5475908F9}.Release|x64.Build.0 = Release|Any CPU
		{AF0AC5EE-A8C1-48F9-88C3-35D5475908F9}.Release|x86.ActiveCfg = Release|Any CPU
		{AF0AC5EE-A8C1-48F9-88C3-35D5475908F9}.Release|x86.Build.0 = Release|Any CPU
		{B49FF834-A3F9-423B-BDF0-6332BE6293B9}.Debug|Any CPU.ActiveCfg = Debug|Any CPU
		{B49FF834-A3F9-423B-BDF0-6332BE6293B9}.Debug|Any CPU.Build.0 = Debug|Any CPU
		{B49FF834-A3F9-423B-BDF0-6332BE6293B9}.Debug|x64.ActiveCfg = Debug|Any CPU
		{B49FF834-A3F9-423B-BDF0-6332BE6293B9}.Debug|x64.Build.0 = Debug|Any CPU
		{B49FF834-A3F9-423B-BDF0-6332BE6293B9}.Debug|x86.ActiveCfg = Debug|Any CPU
		{B49FF834-A3F9-423B-BDF0-6332BE6293B9}.Debug|x86.Build.0 = Debug|Any CPU
		{B49FF834-A3F9-423B-BDF0-6332BE6293B9}.Release|Any CPU.ActiveCfg = Release|Any CPU
		{B49FF834-A3F9-423B-BDF0-6332BE6293B9}.Release|Any CPU.Build.0 = Release|Any CPU
		{B49FF834-A3F9-423B-BDF0-6332BE6293B9}.Release|x64.ActiveCfg = Release|Any CPU
		{B49FF834-A3F9-423B-BDF0-6332BE6293B9}.Release|x64.Build.0 = Release|Any CPU
		{B49FF834-A3F9-423B-BDF0-6332BE6293B9}.Release|x86.ActiveCfg = Release|Any CPU
		{B49FF834-A3F9-423B-BDF0-6332BE6293B9}.Release|x86.Build.0 = Release|Any CPU
	EndGlobalSection
	GlobalSection(NestedProjects) = preSolution
		{62AC7919-A33D-4BD5-9249-BF4FB0CF0C01} = {1F43C3C1-663F-45FA-BFEC-8633A21B8A2C}
	EndGlobalSection
EndGlobal
